// !$*UTF8*$!
{
	archiveVersion = 1;
	classes = {
	};
	objectVersion = 50;
	objects = {

/* Begin PBXBuildFile section */
		C55BBE1A25C16A6200128872 /* AppDelegate.swift in Sources */ = {isa = PBXBuildFile; fileRef = C55BBE1925C16A6200128872 /* AppDelegate.swift */; };
		C55BBE1C25C16A6200128872 /* SceneDelegate.swift in Sources */ = {isa = PBXBuildFile; fileRef = C55BBE1B25C16A6200128872 /* SceneDelegate.swift */; };
		C55BBE1E25C16A6200128872 /* ViewController.swift in Sources */ = {isa = PBXBuildFile; fileRef = C55BBE1D25C16A6200128872 /* ViewController.swift */; };
		C55BBE2125C16A6200128872 /* Main.storyboard in Resources */ = {isa = PBXBuildFile; fileRef = C55BBE1F25C16A6200128872 /* Main.storyboard */; };
		C55BBE2325C16A6300128872 /* Assets.xcassets in Resources */ = {isa = PBXBuildFile; fileRef = C55BBE2225C16A6300128872 /* Assets.xcassets */; };
		C55BBE2625C16A6300128872 /* LaunchScreen.storyboard in Resources */ = {isa = PBXBuildFile; fileRef = C55BBE2425C16A6300128872 /* LaunchScreen.storyboard */; };
		C55BBE3125C1952800128872 /* level1.txt in Resources */ = {isa = PBXBuildFile; fileRef = C55BBE2F25C1952700128872 /* level1.txt */; };
		C55BBE3225C1952800128872 /* level2.txt in Resources */ = {isa = PBXBuildFile; fileRef = C55BBE3025C1952800128872 /* level2.txt */; };
/* End PBXBuildFile section */

/* Begin PBXFileReference section */
		C55BBE1625C16A6200128872 /* Project8.app */ = {isa = PBXFileReference; explicitFileType = wrapper.application; includeInIndex = 0; path = Project8.app; sourceTree = BUILT_PRODUCTS_DIR; };
		C55BBE1925C16A6200128872 /* AppDelegate.swift */ = {isa = PBXFileReference; lastKnownFileType = sourcecode.swift; path = AppDelegate.swift; sourceTree = "<group>"; };
		C55BBE1B25C16A6200128872 /* SceneDelegate.swift */ = {isa = PBXFileReference; lastKnownFileType = sourcecode.swift; path = SceneDelegate.swift; sourceTree = "<group>"; };
		C55BBE1D25C16A6200128872 /* ViewController.swift */ = {isa = PBXFileReference; lastKnownFileType = sourcecode.swift; path = ViewController.swift; sourceTree = "<group>"; };
		C55BBE2025C16A6200128872 /* Base */ = {isa = PBXFileReference; lastKnownFileType = file.storyboard; name = Base; path = Base.lproj/Main.storyboard; sourceTree = "<group>"; };
		C55BBE2225C16A6300128872 /* Assets.xcassets */ = {isa = PBXFileReference; lastKnownFileType = folder.assetcatalog; path = Assets.xcassets; sourceTree = "<group>"; };
		C55BBE2525C16A6300128872 /* Base */ = {isa = PBXFileReference; lastKnownFileType = file.storyboard; name = Base; path = Base.lproj/LaunchScreen.storyboard; sourceTree = "<group>"; };
		C55BBE2725C16A6300128872 /* Info.plist */ = {isa = PBXFileReference; lastKnownFileType = text.plist.xml; path = Info.plist; sourceTree = "<group>"; };
		C55BBE2F25C1952700128872 /* level1.txt */ = {isa = PBXFileReference; fileEncoding = 4; lastKnownFileType = text; path = level1.txt; sourceTree = "<group>"; };
		C55BBE3025C1952800128872 /* level2.txt */ = {isa = PBXFileReference; fileEncoding = 4; lastKnownFileType = text; path = level2.txt; sourceTree = "<group>"; };
/* End PBXFileReference section */

/* Begin PBXFrameworksBuildPhase section */
		C55BBE1325C16A6200128872 /* Frameworks */ = {
			isa = PBXFrameworksBuildPhase;
			buildActionMask = 2147483647;
			files = (
			);
			runOnlyForDeploymentPostprocessing = 0;
		};
/* End PBXFrameworksBuildPhase section */

/* Begin PBXGroup section */
		C55BBE0D25C16A6200128872 = {
			isa = PBXGroup;
			children = (
				C55BBE1825C16A6200128872 /* Project8 */,
				C55BBE1725C16A6200128872 /* Products */,
			);
			sourceTree = "<group>";
		};
		C55BBE1725C16A6200128872 /* Products */ = {
			isa = PBXGroup;
			children = (
				C55BBE1625C16A6200128872 /* Project8.app */,
			);
			name = Products;
			sourceTree = "<group>";
		};
		C55BBE1825C16A6200128872 /* Project8 */ = {
			isa = PBXGroup;
			children = (
				C55BBE1925C16A6200128872 /* AppDelegate.swift */,
				C55BBE1B25C16A6200128872 /* SceneDelegate.swift */,
				C55BBE1D25C16A6200128872 /* ViewController.swift */,
				C55BBE1F25C16A6200128872 /* Main.storyboard */,
				C55BBE2225C16A6300128872 /* Assets.xcassets */,
				C55BBE2425C16A6300128872 /* LaunchScreen.storyboard */,
				C55BBE2725C16A6300128872 /* Info.plist */,
				C55BBE2F25C1952700128872 /* level1.txt */,
				C55BBE3025C1952800128872 /* level2.txt */,
			);
			path = Project8;
			sourceTree = "<group>";
		};
/* End PBXGroup section */

/* Begin PBXNativeTarget section */
		C55BBE1525C16A6200128872 /* Project8 */ = {
			isa = PBXNativeTarget;
			buildConfigurationList = C55BBE2A25C16A6300128872 /* Build configuration list for PBXNativeTarget "Project8" */;
			buildPhases = (
				C55BBE1225C16A6200128872 /* Sources */,
				C55BBE1325C16A6200128872 /* Frameworks */,
				C55BBE1425C16A6200128872 /* Resources */,
			);
			buildRules = (
			);
			dependencies = (
			);
			name = Project8;
			productName = Project8;
			productReference = C55BBE1625C16A6200128872 /* Project8.app */;
			productType = "com.apple.product-type.application";
		};
/* End PBXNativeTarget section */

/* Begin PBXProject section */
		C55BBE0E25C16A6200128872 /* Project object */ = {
			isa = PBXProject;
			attributes = {
				LastSwiftUpdateCheck = 1230;
				LastUpgradeCheck = 1230;
				TargetAttributes = {
					C55BBE1525C16A6200128872 = {
						CreatedOnToolsVersion = 12.3;
					};
				};
			};
			buildConfigurationList = C55BBE1125C16A6200128872 /* Build configuration list for PBXProject "Project8" */;
			compatibilityVersion = "Xcode 9.3";
			developmentRegion = en;
			hasScannedForEncodings = 0;
			knownRegions = (
				en,
				Base,
			);
			mainGroup = C55BBE0D25C16A6200128872;
			productRefGroup = C55BBE1725C16A6200128872 /* Products */;
			projectDirPath = "";
			projectRoot = "";
			targets = (
				C55BBE1525C16A6200128872 /* Project8 */,
			);
		};
/* End PBXProject section */

/* Begin PBXResourcesBuildPhase section */
		C55BBE1425C16A6200128872 /* Resources */ = {
			isa = PBXResourcesBuildPhase;
			buildActionMask = 2147483647;
			files = (
				C55BBE3225C1952800128872 /* level2.txt in Resources */,
				C55BBE2625C16A6300128872 /* LaunchScreen.storyboard in Resources */,
				C55BBE3125C1952800128872 /* level1.txt in Resources */,
				C55BBE2325C16A6300128872 /* Assets.xcassets in Resources */,
				C55BBE2125C16A6200128872 /* Main.storyboard in Resources */,
			);
			runOnlyForDeploymentPostprocessing = 0;
		};
/* End PBXResourcesBuildPhase section */

/* Begin PBXSourcesBuildPhase section */
		C55BBE1225C16A6200128872 /* Sources */ = {
			isa = PBXSourcesBuildPhase;
			buildActionMask = 2147483647;
			files = (
				C55BBE1E25C16A6200128872 /* ViewController.swift in Sources */,
				C55BBE1A25C16A6200128872 /* AppDelegate.swift in Sources */,
				C55BBE1C25C16A6200128872 /* SceneDelegate.swift in Sources */,
			);
			runOnlyForDeploymentPostprocessing = 0;
		};
/* End PBXSourcesBuildPhase section */

/* Begin PBXVariantGroup section */
		C55BBE1F25C16A6200128872 /* Main.storyboard */ = {
			isa = PBXVariantGroup;
			children = (
				C55BBE2025C16A6200128872 /* Base */,
			);
			name = Main.storyboard;
			sourceTree = "<group>";
		};
		C55BBE2425C16A6300128872 /* LaunchScreen.storyboard */ = {
			isa = PBXVariantGroup;
			children = (
				C55BBE2525C16A6300128872 /* Base */,
			);
			name = LaunchScreen.storyboard;
			sourceTree = "<group>";
		};
/* End PBXVariantGroup section */

/* Begin XCBuildConfiguration section */
		C55BBE2825C16A6300128872 /* Debug */ = {
			isa = XCBuildConfiguration;
			buildSettings = {
				ALWAYS_SEARCH_USER_PATHS = NO;
				CLANG_ANALYZER_NONNULL = YES;
				CLANG_ANALYZER_NUMBER_OBJECT_CONVERSION = YES_AGGRESSIVE;
				CLANG_CXX_LANGUAGE_STANDARD = "gnu++14";
				CLANG_CXX_LIBRARY = "libc++";
				CLANG_ENABLE_MODULES = YES;
				CLANG_ENABLE_OBJC_ARC = YES;
				CLANG_ENABLE_OBJC_WEAK = YES;
				CLANG_WARN_BLOCK_CAPTURE_AUTORELEASING = YES;
				CLANG_WARN_BOOL_CONVERSION = YES;
				CLANG_WARN_COMMA = YES;
				CLANG_WARN_CONSTANT_CONVERSION = YES;
				CLANG_WARN_DEPRECATED_OBJC_IMPLEMENTATIONS = YES;
				CLANG_WARN_DIRECT_OBJC_ISA_USAGE = YES_ERROR;
				CLANG_WARN_DOCUMENTATION_COMMENTS = YES;
				CLANG_WARN_EMPTY_BODY = YES;
				CLANG_WARN_ENUM_CONVERSION = YES;
				CLANG_WARN_INFINITE_RECURSION = YES;
				CLANG_WARN_INT_CONVERSION = YES;
				CLANG_WARN_NON_LITERAL_NULL_CONVERSION = YES;
				CLANG_WARN_OBJC_IMPLICIT_RETAIN_SELF = YES;
				CLANG_WARN_OBJC_LITERAL_CONVERSION = YES;
				CLANG_WARN_OBJC_ROOT_CLASS = YES_ERROR;
				CLANG_WARN_QUOTED_INCLUDE_IN_FRAMEWORK_HEADER = YES;
				CLANG_WARN_RANGE_LOOP_ANALYSIS = YES;
				CLANG_WARN_STRICT_PROTOTYPES = YES;
				CLANG_WARN_SUSPICIOUS_MOVE = YES;
				CLANG_WARN_UNGUARDED_AVAILABILITY = YES_AGGRESSIVE;
				CLANG_WARN_UNREACHABLE_CODE = YES;
				CLANG_WARN__DUPLICATE_METHOD_MATCH = YES;
				COPY_PHASE_STRIP = NO;
				DEBUG_INFORMATION_FORMAT = dwarf;
				ENABLE_STRICT_OBJC_MSGSEND = YES;
				ENABLE_TESTABILITY = YES;
				GCC_C_LANGUAGE_STANDARD = gnu11;
				GCC_DYNAMIC_NO_PIC = NO;
				GCC_NO_COMMON_BLOCKS = YES;
				GCC_OPTIMIZATION_LEVEL = 0;
				GCC_PREPROCESSOR_DEFINITIONS = (
					"DEBUG=1",
					"$(inherited)",
				);
				GCC_WARN_64_TO_32_BIT_CONVERSION = YES;
				GCC_WARN_ABOUT_RETURN_TYPE = YES_ERROR;
				GCC_WARN_UNDECLARED_SELECTOR = YES;
				GCC_WARN_UNINITIALIZED_AUTOS = YES_AGGRESSIVE;
				GCC_WARN_UNUSED_FUNCTION = YES;
				GCC_WARN_UNUSED_VARIABLE = YES;
				IPHONEOS_DEPLOYMENT_TARGET = 14.3;
				MTL_ENABLE_DEBUG_INFO = INCLUDE_SOURCE;
				MTL_FAST_MATH = YES;
				ONLY_ACTIVE_ARCH = YES;
				SDKROOT = iphoneos;
				SWIFT_ACTIVE_COMPILATION_CONDITIONS = DEBUG;
				SWIFT_OPTIMIZATION_LEVEL = "-Onone";
			};
			name = Debug;
		};
		C55BBE2925C16A6300128872 /* Release */ = {
			isa = XCBuildConfiguration;
			buildSettings = {
				ALWAYS_SEARCH_USER_PATHS = NO;
				CLANG_ANALYZER_NONNULL = YES;
				CLANG_ANALYZER_NUMBER_OBJECT_CONVERSION = YES_AGGRESSIVE;
				CLANG_CXX_LANGUAGE_STANDARD = "gnu++14";
				CLANG_CXX_LIBRARY = "libc++";
				CLANG_ENABLE_MODULES = YES;
				CLANG_ENABLE_OBJC_ARC = YES;
				CLANG_ENABLE_OBJC_WEAK = YES;
				CLANG_WARN_BLOCK_CAPTURE_AUTORELEASING = YES;
				CLANG_WARN_BOOL_CONVERSION = YES;
				CLANG_WARN_COMMA = YES;
				CLANG_WARN_CONSTANT_CONVERSION = YES;
				CLANG_WARN_DEPRECATED_OBJC_IMPLEMENTATIONS = YES;
				CLANG_WARN_DIRECT_OBJC_ISA_USAGE = YES_ERROR;
				CLANG_WARN_DOCUMENTATION_COMMENTS = YES;
				CLANG_WARN_EMPTY_BODY = YES;
				CLANG_WARN_ENUM_CONVERSION = YES;
				CLANG_WARN_INFINITE_RECURSION = YES;
				CLANG_WARN_INT_CONVERSION = YES;
				CLANG_WARN_NON_LITERAL_NULL_CONVERSION = YES;
				CLANG_WARN_OBJC_IMPLICIT_RETAIN_SELF = YES;
				CLANG_WARN_OBJC_LITERAL_CONVERSION = YES;
				CLANG_WARN_OBJC_ROOT_CLASS = YES_ERROR;
				CLANG_WARN_QUOTED_INCLUDE_IN_FRAMEWORK_HEADER = YES;
				CLANG_WARN_RANGE_LOOP_ANALYSIS = YES;
				CLANG_WARN_STRICT_PROTOTYPES = YES;
				CLANG_WARN_SUSPICIOUS_MOVE = YES;
				CLANG_WARN_UNGUARDED_AVAILABILITY = YES_AGGRESSIVE;
				CLANG_WARN_UNREACHABLE_CODE = YES;
				CLANG_WARN__DUPLICATE_METHOD_MATCH = YES;
				COPY_PHASE_STRIP = NO;
				DEBUG_INFORMATION_FORMAT = "dwarf-with-dsym";
				ENABLE_NS_ASSERTIONS = NO;
				ENABLE_STRICT_OBJC_MSGSEND = YES;
				GCC_C_LANGUAGE_STANDARD = gnu11;
				GCC_NO_COMMON_BLOCKS = YES;
				GCC_WARN_64_TO_32_BIT_CONVERSION = YES;
				GCC_WARN_ABOUT_RETURN_TYPE = YES_ERROR;
				GCC_WARN_UNDECLARED_SELECTOR = YES;
				GCC_WARN_UNINITIALIZED_AUTOS = YES_AGGRESSIVE;
				GCC_WARN_UNUSED_FUNCTION = YES;
				GCC_WARN_UNUSED_VARIABLE = YES;
				IPHONEOS_DEPLOYMENT_TARGET = 14.3;
				MTL_ENABLE_DEBUG_INFO = NO;
				MTL_FAST_MATH = YES;
				SDKROOT = iphoneos;
				SWIFT_COMPILATION_MODE = wholemodule;
				SWIFT_OPTIMIZATION_LEVEL = "-O";
				VALIDATE_PRODUCT = YES;
			};
			name = Release;
		};
		C55BBE2B25C16A6300128872 /* Debug */ = {
			isa = XCBuildConfiguration;
			buildSettings = {
				ASSETCATALOG_COMPILER_APPICON_NAME = AppIcon;
				ASSETCATALOG_COMPILER_GLOBAL_ACCENT_COLOR_NAME = AccentColor;
				CODE_SIGN_STYLE = Automatic;
				DEVELOPMENT_TEAM = 9RSGP9843T;
				INFOPLIST_FILE = Project8/Info.plist;
				LD_RUNPATH_SEARCH_PATHS = (
					"$(inherited)",
					"@executable_path/Frameworks",
				);
				PRODUCT_BUNDLE_IDENTIFIER = example.Project8;
				PRODUCT_NAME = "$(TARGET_NAME)";
				SWIFT_VERSION = 5.0;
				TARGETED_DEVICE_FAMILY = 2;
			};
			name = Debug;
		};
		C55BBE2C25C16A6300128872 /* Release */ = {
			isa = XCBuildConfiguration;
			buildSettings = {
				ASSETCATALOG_COMPILER_APPICON_NAME = AppIcon;
				ASSETCATALOG_COMPILER_GLOBAL_ACCENT_COLOR_NAME = AccentColor;
				CODE_SIGN_STYLE = Automatic;
				DEVELOPMENT_TEAM = 9RSGP9843T;
				INFOPLIST_FILE = Project8/Info.plist;
				LD_RUNPATH_SEARCH_PATHS = (
					"$(inherited)",
					"@executable_path/Frameworks",
				);
				PRODUCT_BUNDLE_IDENTIFIER = example.Project8;
				PRODUCT_NAME = "$(TARGET_NAME)";
				SWIFT_VERSION = 5.0;
				TARGETED_DEVICE_FAMILY = 2;
			};
			name = Release;
		};
/* End XCBuildConfiguration section */

/* Begin XCConfigurationList section */
		C55BBE1125C16A6200128872 /* Build configuration list for PBXProject "Project8" */ = {
			isa = XCConfigurationList;
			buildConfigurations = (
				C55BBE2825C16A6300128872 /* Debug */,
				C55BBE2925C16A6300128872 /* Release */,
			);
			defaultConfigurationIsVisible = 0;
			defaultConfigurationName = Release;
		};
		C55BBE2A25C16A6300128872 /* Build configuration list for PBXNativeTarget "Project8" */ = {
			isa = XCConfigurationList;
			buildConfigurations = (
				C55BBE2B25C16A6300128872 /* Debug */,
				C55BBE2C25C16A6300128872 /* Release */,
			);
			defaultConfigurationIsVisible = 0;
			defaultConfigurationName = Release;
		};
/* End XCConfigurationList section */
	};
	rootObject = C55BBE0E25C16A6200128872 /* Project object */;
}
